// !$*UTF8*$!
{
	archiveVersion = 1;
	classes = {
	};
	objectVersion = 46;
	objects = {

/* Begin PBXBuildFile section */
		046E38441A9C1D4A002F00B3 /* AppDelegate.swift in Sources */ = {isa = PBXBuildFile; fileRef = 046E38431A9C1D4A002F00B3 /* AppDelegate.swift */; };
		046E38461A9C1D4A002F00B3 /* ViewController.swift in Sources */ = {isa = PBXBuildFile; fileRef = 046E38451A9C1D4A002F00B3 /* ViewController.swift */; };
		046E38491A9C1D4A002F00B3 /* Main.storyboard in Resources */ = {isa = PBXBuildFile; fileRef = 046E38471A9C1D4A002F00B3 /* Main.storyboard */; };
		046E384B1A9C1D4A002F00B3 /* Images.xcassets in Resources */ = {isa = PBXBuildFile; fileRef = 046E384A1A9C1D4A002F00B3 /* Images.xcassets */; };
		046E384E1A9C1D4A002F00B3 /* LaunchScreen.xib in Resources */ = {isa = PBXBuildFile; fileRef = 046E384C1A9C1D4A002F00B3 /* LaunchScreen.xib */; };
		046E385A1A9C1D4A002F00B3 /* UiKitTests.swift in Sources */ = {isa = PBXBuildFile; fileRef = 046E38591A9C1D4A002F00B3 /* UiKitTests.swift */; };
/* End PBXBuildFile section */

/* Begin PBXContainerItemProxy section */
		046E38541A9C1D4A002F00B3 /* PBXContainerItemProxy */ = {
			isa = PBXContainerItemProxy;
			containerPortal = 046E38361A9C1D4A002F00B3 /* Project object */;
			proxyType = 1;
			remoteGlobalIDString = 046E383D1A9C1D4A002F00B3;
			remoteInfo = UiKit;
		};
/* End PBXContainerItemProxy section */

/* Begin PBXFileReference section */
		046E383E1A9C1D4A002F00B3 /* UiKit.app */ = {isa = PBXFileReference; explicitFileType = wrapper.application; includeInIndex = 0; path = UiKit.app; sourceTree = BUILT_PRODUCTS_DIR; };
		046E38421A9C1D4A002F00B3 /* Info.plist */ = {isa = PBXFileReference; lastKnownFileType = text.plist.xml; path = Info.plist; sourceTree = "<group>"; };
		046E38431A9C1D4A002F00B3 /* AppDelegate.swift */ = {isa = PBXFileReference; lastKnownFileType = sourcecode.swift; path = AppDelegate.swift; sourceTree = "<group>"; };
		046E38451A9C1D4A002F00B3 /* ViewController.swift */ = {isa = PBXFileReference; lastKnownFileType = sourcecode.swift; path = ViewController.swift; sourceTree = "<group>"; };
		046E38481A9C1D4A002F00B3 /* Base */ = {isa = PBXFileReference; lastKnownFileType = file.storyboard; name = Base; path = Base.lproj/Main.storyboard; sourceTree = "<group>"; };
		046E384A1A9C1D4A002F00B3 /* Images.xcassets */ = {isa = PBXFileReference; lastKnownFileType = folder.assetcatalog; path = Images.xcassets; sourceTree = "<group>"; };
		046E384D1A9C1D4A002F00B3 /* Base */ = {isa = PBXFileReference; lastKnownFileType = file.xib; name = Base; path = Base.lproj/LaunchScreen.xib; sourceTree = "<group>"; };
		046E38531A9C1D4A002F00B3 /* UiKitTests.xctest */ = {isa = PBXFileReference; explicitFileType = wrapper.cfbundle; includeInIndex = 0; path = UiKitTests.xctest; sourceTree = BUILT_PRODUCTS_DIR; };
		046E38581A9C1D4A002F00B3 /* Info.plist */ = {isa = PBXFileReference; lastKnownFileType = text.plist.xml; path = Info.plist; sourceTree = "<group>"; };
		046E38591A9C1D4A002F00B3 /* UiKitTests.swift */ = {isa = PBXFileReference; lastKnownFileType = sourcecode.swift; path = UiKitTests.swift; sourceTree = "<group>"; };
/* End PBXFileReference section */

/* Begin PBXFrameworksBuildPhase section */
		046E383B1A9C1D4A002F00B3 /* Frameworks */ = {
			isa = PBXFrameworksBuildPhase;
			buildActionMask = 2147483647;
			files = (
			);
			runOnlyForDeploymentPostprocessing = 0;
		};
		046E38501A9C1D4A002F00B3 /* Frameworks */ = {
			isa = PBXFrameworksBuildPhase;
			buildActionMask = 2147483647;
			files = (
			);
			runOnlyForDeploymentPostprocessing = 0;
		};
/* End PBXFrameworksBuildPhase section */

/* Begin PBXGroup section */
		046E38351A9C1D4A002F00B3 = {
			isa = PBXGroup;
			children = (
				046E38401A9C1D4A002F00B3 /* UiKit */,
				046E38561A9C1D4A002F00B3 /* UiKitTests */,
				046E383F1A9C1D4A002F00B3 /* Products */,
			);
			sourceTree = "<group>";
		};
		046E383F1A9C1D4A002F00B3 /* Products */ = {
			isa = PBXGroup;
			children = (
				046E383E1A9C1D4A002F00B3 /* UiKit.app */,
				046E38531A9C1D4A002F00B3 /* UiKitTests.xctest */,
			);
			name = Products;
			sourceTree = "<group>";
		};
		046E38401A9C1D4A002F00B3 /* UiKit */ = {
			isa = PBXGroup;
			children = (
				046E38431A9C1D4A002F00B3 /* AppDelegate.swift */,
				046E38451A9C1D4A002F00B3 /* ViewController.swift */,
				046E38471A9C1D4A002F00B3 /* Main.storyboard */,
				046E384A1A9C1D4A002F00B3 /* Images.xcassets */,
				046E384C1A9C1D4A002F00B3 /* LaunchScreen.xib */,
				046E38411A9C1D4A002F00B3 /* Supporting Files */,
			);
			path = UiKit;
			sourceTree = "<group>";
		};
		046E38411A9C1D4A002F00B3 /* Supporting Files */ = {
			isa = PBXGroup;
			children = (
				046E38421A9C1D4A002F00B3 /* Info.plist */,
			);
			name = "Supporting Files";
			sourceTree = "<group>";
		};
		046E38561A9C1D4A002F00B3 /* UiKitTests */ = {
			isa = PBXGroup;
			children = (
				046E38591A9C1D4A002F00B3 /* UiKitTests.swift */,
				046E38571A9C1D4A002F00B3 /* Supporting Files */,
			);
			path = UiKitTests;
			sourceTree = "<group>";
		};
		046E38571A9C1D4A002F00B3 /* Supporting Files */ = {
			isa = PBXGroup;
			children = (
				046E38581A9C1D4A002F00B3 /* Info.plist */,
			);
			name = "Supporting Files";
			sourceTree = "<group>";
		};
/* End PBXGroup section */

/* Begin PBXNativeTarget section */
		046E383D1A9C1D4A002F00B3 /* UiKit */ = {
			isa = PBXNativeTarget;
			buildConfigurationList = 046E385D1A9C1D4A002F00B3 /* Build configuration list for PBXNativeTarget "UiKit" */;
			buildPhases = (
				046E383A1A9C1D4A002F00B3 /* Sources */,
				046E383B1A9C1D4A002F00B3 /* Frameworks */,
				046E383C1A9C1D4A002F00B3 /* Resources */,
			);
			buildRules = (
			);
			dependencies = (
			);
			name = UiKit;
			productName = UiKit;
			productReference = 046E383E1A9C1D4A002F00B3 /* UiKit.app */;
			productType = "com.apple.product-type.application";
		};
		046E38521A9C1D4A002F00B3 /* UiKitTests */ = {
			isa = PBXNativeTarget;
			buildConfigurationList = 046E38601A9C1D4A002F00B3 /* Build configuration list for PBXNativeTarget "UiKitTests" */;
			buildPhases = (
				046E384F1A9C1D4A002F00B3 /* Sources */,
				046E38501A9C1D4A002F00B3 /* Frameworks */,
				046E38511A9C1D4A002F00B3 /* Resources */,
			);
			buildRules = (
			);
			dependencies = (
				046E38551A9C1D4A002F00B3 /* PBXTargetDependency */,
			);
			name = UiKitTests;
			productName = UiKitTests;
			productReference = 046E38531A9C1D4A002F00B3 /* UiKitTests.xctest */;
			productType = "com.apple.product-type.bundle.unit-test";
		};
/* End PBXNativeTarget section */

/* Begin PBXProject section */
		046E38361A9C1D4A002F00B3 /* Project object */ = {
			isa = PBXProject;
			attributes = {
				LastUpgradeCheck = 0610;
				ORGANIZATIONNAME = Chang;
				TargetAttributes = {
					046E383D1A9C1D4A002F00B3 = {
						CreatedOnToolsVersion = 6.1.1;
					};
					046E38521A9C1D4A002F00B3 = {
						CreatedOnToolsVersion = 6.1.1;
						TestTargetID = 046E383D1A9C1D4A002F00B3;
					};
				};
			};
			buildConfigurationList = 046E38391A9C1D4A002F00B3 /* Build configuration list for PBXProject "UiKit" */;
			compatibilityVersion = "Xcode 3.2";
			developmentRegion = English;
			hasScannedForEncodings = 0;
			knownRegions = (
				en,
				Base,
			);
			mainGroup = 046E38351A9C1D4A002F00B3;
			productRefGroup = 046E383F1A9C1D4A002F00B3 /* Products */;
			projectDirPath = "";
			projectRoot = "";
			targets = (
				046E383D1A9C1D4A002F00B3 /* UiKit */,
				046E38521A9C1D4A002F00B3 /* UiKitTests */,
			);
		};
/* End PBXProject section */

/* Begin PBXResourcesBuildPhase section */
		046E383C1A9C1D4A002F00B3 /* Resources */ = {
			isa = PBXResourcesBuildPhase;
			buildActionMask = 2147483647;
			files = (
				046E38491A9C1D4A002F00B3 /* Main.storyboard in Resources */,
				046E384E1A9C1D4A002F00B3 /* LaunchScreen.xib in Resources */,
				046E384B1A9C1D4A002F00B3 /* Images.xcassets in Resources */,
			);
			runOnlyForDeploymentPostprocessing = 0;
		};
		046E38511A9C1D4A002F00B3 /* Resources */ = {
			isa = PBXResourcesBuildPhase;
			buildActionMask = 2147483647;
			files = (
			);
			runOnlyForDeploymentPostprocessing = 0;
		};
/* End PBXResourcesBuildPhase section */

/* Begin PBXSourcesBuildPhase section */
		046E383A1A9C1D4A002F00B3 /* Sources */ = {
			isa = PBXSourcesBuildPhase;
			buildActionMask = 2147483647;
			files = (
				046E38461A9C1D4A002F00B3 /* ViewController.swift in Sources */,
				046E38441A9C1D4A002F00B3 /* AppDelegate.swift in Sources */,
			);
			runOnlyForDeploymentPostprocessing = 0;
		};
		046E384F1A9C1D4A002F00B3 /* Sources */ = {
			isa = PBXSourcesBuildPhase;
			buildActionMask = 2147483647;
			files = (
				046E385A1A9C1D4A002F00B3 /* UiKitTests.swift in Sources */,
			);
			runOnlyForDeploymentPostprocessing = 0;
		};
/* End PBXSourcesBuildPhase section */

/* Begin PBXTargetDependency section */
		046E38551A9C1D4A002F00B3 /* PBXTargetDependency */ = {
			isa = PBXTargetDependency;
			target = 046E383D1A9C1D4A002F00B3 /* UiKit */;
			targetProxy = 046E38541A9C1D4A002F00B3 /* PBXContainerItemProxy */;
		};
/* End PBXTargetDependency section */

/* Begin PBXVariantGroup section */
		046E38471A9C1D4A002F00B3 /* Main.storyboard */ = {
			isa = PBXVariantGroup;
			children = (
				046E38481A9C1D4A002F00B3 /* Base */,
			);
			name = Main.storyboard;
			sourceTree = "<group>";
		};
		046E384C1A9C1D4A002F00B3 /* LaunchScreen.xib */ = {
			isa = PBXVariantGroup;
			children = (
				046E384D1A9C1D4A002F00B3 /* Base */,
			);
			name = LaunchScreen.xib;
			sourceTree = "<group>";
		};
/* End PBXVariantGroup section */

/* Begin XCBuildConfiguration section */
		046E385B1A9C1D4A002F00B3 /* Debug */ = {
			isa = XCBuildConfiguration;
			buildSettings = {
				ALWAYS_SEARCH_USER_PATHS = NO;
				CLANG_CXX_LANGUAGE_STANDARD = "gnu++0x";
				CLANG_CXX_LIBRARY = "libc++";
				CLANG_ENABLE_MODULES = YES;
				CLANG_ENABLE_OBJC_ARC = YES;
				CLANG_WARN_BOOL_CONVERSION = YES;
				CLANG_WARN_CONSTANT_CONVERSION = YES;
				CLANG_WARN_DIRECT_OBJC_ISA_USAGE = YES_ERROR;
				CLANG_WARN_EMPTY_BODY = YES;
				CLANG_WARN_ENUM_CONVERSION = YES;
				CLANG_WARN_INT_CONVERSION = YES;
				CLANG_WARN_OBJC_ROOT_CLASS = YES_ERROR;
				CLANG_WARN_UNREACHABLE_CODE = YES;
				CLANG_WARN__DUPLICATE_METHOD_MATCH = YES;
				"CODE_SIGN_IDENTITY[sdk=iphoneos*]" = "iPhone Developer";
				COPY_PHASE_STRIP = NO;
				ENABLE_STRICT_OBJC_MSGSEND = YES;
				GCC_C_LANGUAGE_STANDARD = gnu99;
				GCC_DYNAMIC_NO_PIC = NO;
				GCC_OPTIMIZATION_LEVEL = 0;
				GCC_PREPROCESSOR_DEFINITIONS = (
					"DEBUG=1",
					"$(inherited)",
				);
				GCC_SYMBOLS_PRIVATE_EXTERN = NO;
				GCC_WARN_64_TO_32_BIT_CONVERSION = YES;
				GCC_WARN_ABOUT_RETURN_TYPE = YES_ERROR;
				GCC_WARN_UNDECLARED_SELECTOR = YES;
				GCC_WARN_UNINITIALIZED_AUTOS = YES_AGGRESSIVE;
				GCC_WARN_UNUSED_FUNCTION = YES;
				GCC_WARN_UNUSED_VARIABLE = YES;
				IPHONEOS_DEPLOYMENT_TARGET = 8.1;
				MTL_ENABLE_DEBUG_INFO = YES;
				ONLY_ACTIVE_ARCH = YES;
				SDKROOT = iphoneos;
				SWIFT_OPTIMIZATION_LEVEL = "-Onone";
			};
			name = Debug;
		};
		046E385C1A9C1D4A002F00B3 /* Release */ = {
			isa = XCBuildConfiguration;
			buildSettings = {
				ALWAYS_SEARCH_USER_PATHS = NO;
				CLANG_CXX_LANGUAGE_STANDARD = "gnu++0x";
				CLANG_CXX_LIBRARY = "libc++";
				CLANG_ENABLE_MODULES = YES;
				CLANG_ENABLE_OBJC_ARC = YES;
				CLANG_WARN_BOOL_CONVERSION = YES;
				CLANG_WARN_CONSTANT_CONVERSION = YES;
				CLANG_WARN_DIRECT_OBJC_ISA_USAGE = YES_ERROR;
				CLANG_WARN_EMPTY_BODY = YES;
				CLANG_WARN_ENUM_CONVERSION = YES;
				CLANG_WARN_INT_CONVERSION = YES;
				CLANG_WARN_OBJC_ROOT_CLASS = YES_ERROR;
				CLANG_WARN_UNREACHABLE_CODE = YES;
				CLANG_WARN__DUPLICATE_METHOD_MATCH = YES;
				"CODE_SIGN_IDENTITY[sdk=iphoneos*]" = "iPhone Developer";
				COPY_PHASE_STRIP = YES;
				ENABLE_NS_ASSERTIONS = NO;
				ENABLE_STRICT_OBJC_MSGSEND = YES;
				GCC_C_LANGUAGE_STANDARD = gnu99;
				GCC_WARN_64_TO_32_BIT_CONVERSION = YES;
				GCC_WARN_ABOUT_RETURN_TYPE = YES_ERROR;
				GCC_WARN_UNDECLARED_SELECTOR = YES;
				GCC_WARN_UNINITIALIZED_AUTOS = YES_AGGRESSIVE;
				GCC_WARN_UNUSED_FUNCTION = YES;
				GCC_WARN_UNUSED_VARIABLE = YES;
				IPHONEOS_DEPLOYMENT_TARGET = 8.1;
				MTL_ENABLE_DEBUG_INFO = NO;
				SDKROOT = iphoneos;
				VALIDATE_PRODUCT = YES;
			};
			name = Release;
		};
		046E385E1A9C1D4A002F00B3 /* Debug */ = {
			isa = XCBuildConfiguration;
			buildSettings = {
				ASSETCATALOG_COMPILER_APPICON_NAME = AppIcon;
				INFOPLIST_FILE = UiKit/Info.plist;
				LD_RUNPATH_SEARCH_PATHS = "$(inherited) @executable_path/Frameworks";
				PRODUCT_NAME = "$(TARGET_NAME)";
			};
			name = Debug;
		};
		046E385F1A9C1D4A002F00B3 /* Release */ = {
			isa = XCBuildConfiguration;
			buildSettings = {
				ASSETCATALOG_COMPILER_APPICON_NAME = AppIcon;
				INFOPLIST_FILE = UiKit/Info.plist;
				LD_RUNPATH_SEARCH_PATHS = "$(inherited) @executable_path/Frameworks";
				PRODUCT_NAME = "$(TARGET_NAME)";
			};
			name = Release;
		};
		046E38611A9C1D4A002F00B3 /* Debug */ = {
			isa = XCBuildConfiguration;
			buildSettings = {
				BUNDLE_LOADER = "$(TEST_HOST)";
				FRAMEWORK_SEARCH_PATHS = (
					"$(SDKROOT)/Developer/Library/Frameworks",
					"$(inherited)",
				);
				GCC_PREPROCESSOR_DEFINITIONS = (
					"DEBUG=1",
					"$(inherited)",
				);
				INFOPLIST_FILE = UiKitTests/Info.plist;
				LD_RUNPATH_SEARCH_PATHS = "$(inherited) @executable_path/Frameworks @loader_path/Frameworks";
				PRODUCT_NAME = "$(TARGET_NAME)";
				TEST_HOST = "$(BUILT_PRODUCTS_DIR)/UiKit.app/UiKit";
			};
			name = Debug;
		};
		046E38621A9C1D4A002F00B3 /* Release */ = {
			isa = XCBuildConfiguration;
			buildSettings = {
				BUNDLE_LOADER = "$(TEST_HOST)";
				FRAMEWORK_SEARCH_PATHS = (
					"$(SDKROOT)/Developer/Library/Frameworks",
					"$(inherited)",
				);
				INFOPLIST_FILE = UiKitTests/Info.plist;
				LD_RUNPATH_SEARCH_PATHS = "$(inherited) @executable_path/Frameworks @loader_path/Frameworks";
				PRODUCT_NAME = "$(TARGET_NAME)";
				TEST_HOST = "$(BUILT_PRODUCTS_DIR)/UiKit.app/UiKit";
			};
			name = Release;
		};
/* End XCBuildConfiguration section */

/* Begin XCConfigurationList section */
		046E38391A9C1D4A002F00B3 /* Build configuration list for PBXProject "UiKit" */ = {
			isa = XCConfigurationList;
			buildConfigurations = (
				046E385B1A9C1D4A002F00B3 /* Debug */,
				046E385C1A9C1D4A002F00B3 /* Release */,
			);
			defaultConfigurationIsVisible = 0;
			defaultConfigurationName = Release;
		};
		046E385D1A9C1D4A002F00B3 /* Build configuration list for PBXNativeTarget "UiKit" */ = {
			isa = XCConfigurationList;
			buildConfigurations = (
				046E385E1A9C1D4A002F00B3 /* Debug */,
				046E385F1A9C1D4A002F00B3 /* Release */,
			);
			defaultConfigurationIsVisible = 0;
		};
		046E38601A9C1D4A002F00B3 /* Build configuration list for PBXNativeTarget "UiKitTests" */ = {
			isa = XCConfigurationList;
			buildConfigurations = (
				046E38611A9C1D4A002F00B3 /* Debug */,
				046E38621A9C1D4A002F00B3 /* Release */,
			);
			defaultConfigurationIsVisible = 0;
		};
/* End XCConfigurationList section */
	};
	rootObject = 046E38361A9C1D4A002F00B3 /* Project object */;
}
